// !$*UTF8*$!
{
	archiveVersion = 1;
	classes = {
	};
	objectVersion = 46;
	objects = {

/* Begin PBXBuildFile section */
		532E4DC11C3C41C7003F0CF3 /* main.m in Sources */ = {isa = PBXBuildFile; fileRef = 532E4DC01C3C41C7003F0CF3 /* main.m */; };
		532E4DC41C3C41C7003F0CF3 /* AppDelegate.m in Sources */ = {isa = PBXBuildFile; fileRef = 532E4DC31C3C41C7003F0CF3 /* AppDelegate.m */; };
		532E4DC71C3C41C7003F0CF3 /* ViewController.m in Sources */ = {isa = PBXBuildFile; fileRef = 532E4DC61C3C41C7003F0CF3 /* ViewController.m */; };
		532E4DCA1C3C41C7003F0CF3 /* Main.storyboard in Resources */ = {isa = PBXBuildFile; fileRef = 532E4DC81C3C41C7003F0CF3 /* Main.storyboard */; };
		532E4DCC1C3C41C7003F0CF3 /* Assets.xcassets in Resources */ = {isa = PBXBuildFile; fileRef = 532E4DCB1C3C41C7003F0CF3 /* Assets.xcassets */; };
		532E4DCF1C3C41C7003F0CF3 /* LaunchScreen.storyboard in Resources */ = {isa = PBXBuildFile; fileRef = 532E4DCD1C3C41C7003F0CF3 /* LaunchScreen.storyboard */; };
		532E4DDA1C3C41C7003F0CF3 /* StoryboardDemoTests.m in Sources */ = {isa = PBXBuildFile; fileRef = 532E4DD91C3C41C7003F0CF3 /* StoryboardDemoTests.m */; };
/* End PBXBuildFile section */

/* Begin PBXContainerItemProxy section */
		532E4DD61C3C41C7003F0CF3 /* PBXContainerItemProxy */ = {
			isa = PBXContainerItemProxy;
			containerPortal = 532E4DB41C3C41C7003F0CF3 /* Project object */;
			proxyType = 1;
			remoteGlobalIDString = 532E4DBB1C3C41C7003F0CF3;
			remoteInfo = StoryboardDemo;
		};
/* End PBXContainerItemProxy section */

/* Begin PBXFileReference section */
		532E4DBC1C3C41C7003F0CF3 /* StoryboardDemo.app */ = {isa = PBXFileReference; explicitFileType = wrapper.application; includeInIndex = 0; path = StoryboardDemo.app; sourceTree = BUILT_PRODUCTS_DIR; };
		532E4DC01C3C41C7003F0CF3 /* main.m */ = {isa = PBXFileReference; lastKnownFileType = sourcecode.c.objc; path = main.m; sourceTree = "<group>"; };
		532E4DC21C3C41C7003F0CF3 /* AppDelegate.h */ = {isa = PBXFileReference; lastKnownFileType = sourcecode.c.h; path = AppDelegate.h; sourceTree = "<group>"; };
		532E4DC31C3C41C7003F0CF3 /* AppDelegate.m */ = {isa = PBXFileReference; lastKnownFileType = sourcecode.c.objc; path = AppDelegate.m; sourceTree = "<group>"; };
		532E4DC51C3C41C7003F0CF3 /* ViewController.h */ = {isa = PBXFileReference; lastKnownFileType = sourcecode.c.h; path = ViewController.h; sourceTree = "<group>"; };
		532E4DC61C3C41C7003F0CF3 /* ViewController.m */ = {isa = PBXFileReference; lastKnownFileType = sourcecode.c.objc; path = ViewController.m; sourceTree = "<group>"; };
		532E4DC91C3C41C7003F0CF3 /* Base */ = {isa = PBXFileReference; lastKnownFileType = file.storyboard; name = Base; path = Base.lproj/Main.storyboard; sourceTree = "<group>"; };
		532E4DCB1C3C41C7003F0CF3 /* Assets.xcassets */ = {isa = PBXFileReference; lastKnownFileType = folder.assetcatalog; path = Assets.xcassets; sourceTree = "<group>"; };
		532E4DCE1C3C41C7003F0CF3 /* Base */ = {isa = PBXFileReference; lastKnownFileType = file.storyboard; name = Base; path = Base.lproj/LaunchScreen.storyboard; sourceTree = "<group>"; };
		532E4DD01C3C41C7003F0CF3 /* Info.plist */ = {isa = PBXFileReference; lastKnownFileType = text.plist.xml; path = Info.plist; sourceTree = "<group>"; };
		532E4DD51C3C41C7003F0CF3 /* StoryboardDemoTests.xctest */ = {isa = PBXFileReference; explicitFileType = wrapper.cfbundle; includeInIndex = 0; path = StoryboardDemoTests.xctest; sourceTree = BUILT_PRODUCTS_DIR; };
		532E4DD91C3C41C7003F0CF3 /* StoryboardDemoTests.m */ = {isa = PBXFileReference; lastKnownFileType = sourcecode.c.objc; path = StoryboardDemoTests.m; sourceTree = "<group>"; };
		532E4DDB1C3C41C7003F0CF3 /* Info.plist */ = {isa = PBXFileReference; lastKnownFileType = text.plist.xml; path = Info.plist; sourceTree = "<group>"; };
/* End PBXFileReference section */

/* Begin PBXFrameworksBuildPhase section */
		532E4DB91C3C41C7003F0CF3 /* Frameworks */ = {
			isa = PBXFrameworksBuildPhase;
			buildActionMask = 2147483647;
			files = (
			);
			runOnlyForDeploymentPostprocessing = 0;
		};
		532E4DD21C3C41C7003F0CF3 /* Frameworks */ = {
			isa = PBXFrameworksBuildPhase;
			buildActionMask = 2147483647;
			files = (
			);
			runOnlyForDeploymentPostprocessing = 0;
		};
/* End PBXFrameworksBuildPhase section */

/* Begin PBXGroup section */
		532E4DB31C3C41C7003F0CF3 = {
			isa = PBXGroup;
			children = (
				532E4DBE1C3C41C7003F0CF3 /* StoryboardDemo */,
				532E4DD81C3C41C7003F0CF3 /* StoryboardDemoTests */,
				532E4DBD1C3C41C7003F0CF3 /* Products */,
			);
			sourceTree = "<group>";
		};
		532E4DBD1C3C41C7003F0CF3 /* Products */ = {
			isa = PBXGroup;
			children = (
				532E4DBC1C3C41C7003F0CF3 /* StoryboardDemo.app */,
				532E4DD51C3C41C7003F0CF3 /* StoryboardDemoTests.xctest */,
			);
			name = Products;
			sourceTree = "<group>";
		};
		532E4DBE1C3C41C7003F0CF3 /* StoryboardDemo */ = {
			isa = PBXGroup;
			children = (
				532E4DC21C3C41C7003F0CF3 /* AppDelegate.h */,
				532E4DC31C3C41C7003F0CF3 /* AppDelegate.m */,
				532E4DC51C3C41C7003F0CF3 /* ViewController.h */,
				532E4DC61C3C41C7003F0CF3 /* ViewController.m */,
				532E4DC81C3C41C7003F0CF3 /* Main.storyboard */,
				532E4DCB1C3C41C7003F0CF3 /* Assets.xcassets */,
				532E4DCD1C3C41C7003F0CF3 /* LaunchScreen.storyboard */,
				532E4DD01C3C41C7003F0CF3 /* Info.plist */,
				532E4DBF1C3C41C7003F0CF3 /* Supporting Files */,
			);
			path = StoryboardDemo;
			sourceTree = "<group>";
		};
		532E4DBF1C3C41C7003F0CF3 /* Supporting Files */ = {
			isa = PBXGroup;
			children = (
				532E4DC01C3C41C7003F0CF3 /* main.m */,
			);
			name = "Supporting Files";
			sourceTree = "<group>";
		};
		532E4DD81C3C41C7003F0CF3 /* StoryboardDemoTests */ = {
			isa = PBXGroup;
			children = (
				532E4DD91C3C41C7003F0CF3 /* StoryboardDemoTests.m */,
				532E4DDB1C3C41C7003F0CF3 /* Info.plist */,
			);
			path = StoryboardDemoTests;
			sourceTree = "<group>";
		};
/* End PBXGroup section */

/* Begin PBXNativeTarget section */
		532E4DBB1C3C41C7003F0CF3 /* StoryboardDemo */ = {
			isa = PBXNativeTarget;
			buildConfigurationList = 532E4DDE1C3C41C7003F0CF3 /* Build configuration list for PBXNativeTarget "StoryboardDemo" */;
			buildPhases = (
				532E4DB81C3C41C7003F0CF3 /* Sources */,
				532E4DB91C3C41C7003F0CF3 /* Frameworks */,
				532E4DBA1C3C41C7003F0CF3 /* Resources */,
			);
			buildRules = (
			);
			dependencies = (
			);
			name = StoryboardDemo;
			productName = StoryboardDemo;
			productReference = 532E4DBC1C3C41C7003F0CF3 /* StoryboardDemo.app */;
			productType = "com.apple.product-type.application";
		};
		532E4DD41C3C41C7003F0CF3 /* StoryboardDemoTests */ = {
			isa = PBXNativeTarget;
			buildConfigurationList = 532E4DE11C3C41C7003F0CF3 /* Build configuration list for PBXNativeTarget "StoryboardDemoTests" */;
			buildPhases = (
				532E4DD11C3C41C7003F0CF3 /* Sources */,
				532E4DD21C3C41C7003F0CF3 /* Frameworks */,
				532E4DD31C3C41C7003F0CF3 /* Resources */,
			);
			buildRules = (
			);
			dependencies = (
				532E4DD71C3C41C7003F0CF3 /* PBXTargetDependency */,
			);
			name = StoryboardDemoTests;
			productName = StoryboardDemoTests;
			productReference = 532E4DD51C3C41C7003F0CF3 /* StoryboardDemoTests.xctest */;
			productType = "com.apple.product-type.bundle.unit-test";
		};
/* End PBXNativeTarget section */

/* Begin PBXProject section */
		532E4DB41C3C41C7003F0CF3 /* Project object */ = {
			isa = PBXProject;
			attributes = {
				LastUpgradeCheck = 0720;
				ORGANIZATIONNAME = "Data Empire";
				TargetAttributes = {
					532E4DBB1C3C41C7003F0CF3 = {
						CreatedOnToolsVersion = 7.2;
						DevelopmentTeam = LQ5WW9469F;
					};
					532E4DD41C3C41C7003F0CF3 = {
						CreatedOnToolsVersion = 7.2;
						DevelopmentTeam = LQ5WW9469F;
						TestTargetID = 532E4DBB1C3C41C7003F0CF3;
					};
				};
			};
			buildConfigurationList = 532E4DB71C3C41C7003F0CF3 /* Build configuration list for PBXProject "StoryboardDemo" */;
			compatibilityVersion = "Xcode 3.2";
			developmentRegion = English;
			hasScannedForEncodings = 0;
			knownRegions = (
				en,
				Base,
			);
			mainGroup = 532E4DB31C3C41C7003F0CF3;
			productRefGroup = 532E4DBD1C3C41C7003F0CF3 /* Products */;
			projectDirPath = "";
			projectRoot = "";
			targets = (
				532E4DBB1C3C41C7003F0CF3 /* StoryboardDemo */,
				532E4DD41C3C41C7003F0CF3 /* StoryboardDemoTests */,
			);
		};
/* End PBXProject section */

/* Begin PBXResourcesBuildPhase section */
		532E4DBA1C3C41C7003F0CF3 /* Resources */ = {
			isa = PBXResourcesBuildPhase;
			buildActionMask = 2147483647;
			files = (
				532E4DCF1C3C41C7003F0CF3 /* LaunchScreen.storyboard in Resources */,
				532E4DCC1C3C41C7003F0CF3 /* Assets.xcassets in Resources */,
				532E4DCA1C3C41C7003F0CF3 /* Main.storyboard in Resources */,
			);
			runOnlyForDeploymentPostprocessing = 0;
		};
		532E4DD31C3C41C7003F0CF3 /* Resources */ = {
			isa = PBXResourcesBuildPhase;
			buildActionMask = 2147483647;
			files = (
			);
			runOnlyForDeploymentPostprocessing = 0;
		};
/* End PBXResourcesBuildPhase section */

/* Begin PBXSourcesBuildPhase section */
		532E4DB81C3C41C7003F0CF3 /* Sources */ = {
			isa = PBXSourcesBuildPhase;
			buildActionMask = 2147483647;
			files = (
				532E4DC71C3C41C7003F0CF3 /* ViewController.m in Sources */,
				532E4DC41C3C41C7003F0CF3 /* AppDelegate.m in Sources */,
				532E4DC11C3C41C7003F0CF3 /* main.m in Sources */,
			);
			runOnlyForDeploymentPostprocessing = 0;
		};
		532E4DD11C3C41C7003F0CF3 /* Sources */ = {
			isa = PBXSourcesBuildPhase;
			buildActionMask = 2147483647;
			files = (
				532E4DDA1C3C41C7003F0CF3 /* StoryboardDemoTests.m in Sources */,
			);
			runOnlyForDeploymentPostprocessing = 0;
		};
/* End PBXSourcesBuildPhase section */

/* Begin PBXTargetDependency section */
		532E4DD71C3C41C7003F0CF3 /* PBXTargetDependency */ = {
			isa = PBXTargetDependency;
			target = 532E4DBB1C3C41C7003F0CF3 /* StoryboardDemo */;
			targetProxy = 532E4DD61C3C41C7003F0CF3 /* PBXContainerItemProxy */;
		};
/* End PBXTargetDependency section */

/* Begin PBXVariantGroup section */
		532E4DC81C3C41C7003F0CF3 /* Main.storyboard */ = {
			isa = PBXVariantGroup;
			children = (
				532E4DC91C3C41C7003F0CF3 /* Base */,
			);
			name = Main.storyboard;
			sourceTree = "<group>";
		};
		532E4DCD1C3C41C7003F0CF3 /* LaunchScreen.storyboard */ = {
			isa = PBXVariantGroup;
			children = (
				532E4DCE1C3C41C7003F0CF3 /* Base */,
			);
			name = LaunchScreen.storyboard;
			sourceTree = "<group>";
		};
/* End PBXVariantGroup section */

/* Begin XCBuildConfiguration section */
		532E4DDC1C3C41C7003F0CF3 /* Debug */ = {
			isa = XCBuildConfiguration;
			buildSettings = {
				ALWAYS_SEARCH_USER_PATHS = NO;
				CLANG_CXX_LANGUAGE_STANDARD = "gnu++0x";
				CLANG_CXX_LIBRARY = "libc++";
				CLANG_ENABLE_MODULES = YES;
				CLANG_ENABLE_OBJC_ARC = YES;
				CLANG_WARN_BOOL_CONVERSION = YES;
				CLANG_WARN_CONSTANT_CONVERSION = YES;
				CLANG_WARN_DIRECT_OBJC_ISA_USAGE = YES_ERROR;
				CLANG_WARN_EMPTY_BODY = YES;
				CLANG_WARN_ENUM_CONVERSION = YES;
				CLANG_WARN_INT_CONVERSION = YES;
				CLANG_WARN_OBJC_ROOT_CLASS = YES_ERROR;
				CLANG_WARN_UNREACHABLE_CODE = YES;
				CLANG_WARN__DUPLICATE_METHOD_MATCH = YES;
				"CODE_SIGN_IDENTITY[sdk=iphoneos*]" = "iPhone Developer";
				COPY_PHASE_STRIP = NO;
				DEBUG_INFORMATION_FORMAT = dwarf;
				ENABLE_STRICT_OBJC_MSGSEND = YES;
				ENABLE_TESTABILITY = YES;
				GCC_C_LANGUAGE_STANDARD = gnu99;
				GCC_DYNAMIC_NO_PIC = NO;
				GCC_NO_COMMON_BLOCKS = YES;
				GCC_OPTIMIZATION_LEVEL = 0;
				GCC_PREPROCESSOR_DEFINITIONS = (
					"DEBUG=1",
					"$(inherited)",
				);
				GCC_WARN_64_TO_32_BIT_CONVERSION = YES;
				GCC_WARN_ABOUT_RETURN_TYPE = YES_ERROR;
				GCC_WARN_UNDECLARED_SELECTOR = YES;
				GCC_WARN_UNINITIALIZED_AUTOS = YES_AGGRESSIVE;
				GCC_WARN_UNUSED_FUNCTION = YES;
				GCC_WARN_UNUSED_VARIABLE = YES;
				IPHONEOS_DEPLOYMENT_TARGET = 9.2;
				MTL_ENABLE_DEBUG_INFO = YES;
				ONLY_ACTIVE_ARCH = YES;
				SDKROOT = iphoneos;
			};
			name = Debug;
		};
		532E4DDD1C3C41C7003F0CF3 /* Release */ = {
			isa = XCBuildConfiguration;
			buildSettings = {
				ALWAYS_SEARCH_USER_PATHS = NO;
				CLANG_CXX_LANGUAGE_STANDARD = "gnu++0x";
				CLANG_CXX_LIBRARY = "libc++";
				CLANG_ENABLE_MODULES = YES;
				CLANG_ENABLE_OBJC_ARC = YES;
				CLANG_WARN_BOOL_CONVERSION = YES;
				CLANG_WARN_CONSTANT_CONVERSION = YES;
				CLANG_WARN_DIRECT_OBJC_ISA_USAGE = YES_ERROR;
				CLANG_WARN_EMPTY_BODY = YES;
				CLANG_WARN_ENUM_CONVERSION = YES;
				CLANG_WARN_INT_CONVERSION = YES;
				CLANG_WARN_OBJC_ROOT_CLASS = YES_ERROR;
				CLANG_WARN_UNREACHABLE_CODE = YES;
				CLANG_WARN__DUPLICATE_METHOD_MATCH = YES;
				"CODE_SIGN_IDENTITY[sdk=iphoneos*]" = "iPhone Developer";
				COPY_PHASE_STRIP = NO;
				DEBUG_INFORMATION_FORMAT = "dwarf-with-dsym";
				ENABLE_NS_ASSERTIONS = NO;
				ENABLE_STRICT_OBJC_MSGSEND = YES;
				GCC_C_LANGUAGE_STANDARD = gnu99;
				GCC_NO_COMMON_BLOCKS = YES;
				GCC_WARN_64_TO_32_BIT_CONVERSION = YES;
				GCC_WARN_ABOUT_RETURN_TYPE = YES_ERROR;
				GCC_WARN_UNDECLARED_SELECTOR = YES;
				GCC_WARN_UNINITIALIZED_AUTOS = YES_AGGRESSIVE;
				GCC_WARN_UNUSED_FUNCTION = YES;
				GCC_WARN_UNUSED_VARIABLE = YES;
				IPHONEOS_DEPLOYMENT_TARGET = 9.2;
				MTL_ENABLE_DEBUG_INFO = NO;
				SDKROOT = iphoneos;
				VALIDATE_PRODUCT = YES;
			};
			name = Release;
		};
		532E4DDF1C3C41C7003F0CF3 /* Debug */ = {
			isa = XCBuildConfiguration;
			buildSettings = {
				ASSETCATALOG_COMPILER_APPICON_NAME = AppIcon;
				INFOPLIST_FILE = StoryboardDemo/Info.plist;
				LD_RUNPATH_SEARCH_PATHS = "$(inherited) @executable_path/Frameworks";
				PRODUCT_BUNDLE_IDENTIFIER = "info.data-empire.StoryboardDemo";
				PRODUCT_NAME = "$(TARGET_NAME)";
			};
			name = Debug;
		};
		532E4DE01C3C41C7003F0CF3 /* Release */ = {
			isa = XCBuildConfiguration;
			buildSettings = {
				ASSETCATALOG_COMPILER_APPICON_NAME = AppIcon;
				INFOPLIST_FILE = StoryboardDemo/Info.plist;
				LD_RUNPATH_SEARCH_PATHS = "$(inherited) @executable_path/Frameworks";
				PRODUCT_BUNDLE_IDENTIFIER = "info.data-empire.StoryboardDemo";
				PRODUCT_NAME = "$(TARGET_NAME)";
			};
			name = Release;
		};
		532E4DE21C3C41C7003F0CF3 /* Debug */ = {
			isa = XCBuildConfiguration;
			buildSettings = {
				BUNDLE_LOADER = "$(TEST_HOST)";
				INFOPLIST_FILE = StoryboardDemoTests/Info.plist;
				LD_RUNPATH_SEARCH_PATHS = "$(inherited) @executable_path/Frameworks @loader_path/Frameworks";
				PRODUCT_BUNDLE_IDENTIFIER = "info.data-empire.StoryboardDemoTests";
				PRODUCT_NAME = "$(TARGET_NAME)";
				TEST_HOST = "$(BUILT_PRODUCTS_DIR)/StoryboardDemo.app/StoryboardDemo";
			};
			name = Debug;
		};
		532E4DE31C3C41C7003F0CF3 /* Release */ = {
			isa = XCBuildConfiguration;
			buildSettings = {
				BUNDLE_LOADER = "$(TEST_HOST)";
				INFOPLIST_FILE = StoryboardDemoTests/Info.plist;
				LD_RUNPATH_SEARCH_PATHS = "$(inherited) @executable_path/Frameworks @loader_path/Frameworks";
				PRODUCT_BUNDLE_IDENTIFIER = "info.data-empire.StoryboardDemoTests";
				PRODUCT_NAME = "$(TARGET_NAME)";
				TEST_HOST = "$(BUILT_PRODUCTS_DIR)/StoryboardDemo.app/StoryboardDemo";
			};
			name = Release;
		};
/* End XCBuildConfiguration section */

/* Begin XCConfigurationList section */
		532E4DB71C3C41C7003F0CF3 /* Build configuration list for PBXProject "StoryboardDemo" */ = {
			isa = XCConfigurationList;
			buildConfigurations = (
				532E4DDC1C3C41C7003F0CF3 /* Debug */,
				532E4DDD1C3C41C7003F0CF3 /* Release */,
			);
			defaultConfigurationIsVisible = 0;
			defaultConfigurationName = Release;
		};
		532E4DDE1C3C41C7003F0CF3 /* Build configuration list for PBXNativeTarget "StoryboardDemo" */ = {
			isa = XCConfigurationList;
			buildConfigurations = (
				532E4DDF1C3C41C7003F0CF3 /* Debug */,
				532E4DE01C3C41C7003F0CF3 /* Release */,
			);
			defaultConfigurationIsVisible = 0;
		};
		532E4DE11C3C41C7003F0CF3 /* Build configuration list for PBXNativeTarget "StoryboardDemoTests" */ = {
			isa = XCConfigurationList;
			buildConfigurations = (
				532E4DE21C3C41C7003F0CF3 /* Debug */,
				532E4DE31C3C41C7003F0CF3 /* Release */,
			);
			defaultConfigurationIsVisible = 0;
		};
/* End XCConfigurationList section */
	};
	rootObject = 532E4DB41C3C41C7003F0CF3 /* Project object */;
}
